
Microsoft Visual Studio Solution File, Format Version 12.00
# Visual Studio 14
VisualStudioVersion = 14.0.25420.1
MinimumVisualStudioVersion = 10.0.40219.1
Project("{FAE04EC0-301F-11D3-BF4B-00C04F79EFBC}") = "Password_ver", "Password_ver\Password_ver.csproj", "{595069C5-8FEB-4E96-BB24-AE99A800DCA1}"
EndProject
Project("{FAE04EC0-301F-11D3-BF4B-00C04F79EFBC}") = "pwd_ver_test", "pwd_ver_test\pwd_ver_test.csproj", "{4151E327-54E8-480A-A1A3-FAC5044FF26D}"
EndProject
Global
	GlobalSection(SolutionConfigurationPlatforms) = preSolution
		Debug|Any CPU = Debug|Any CPU
		Release|Any CPU = Release|Any CPU
	EndGlobalSection
	GlobalSection(ProjectConfigurationPlatforms) = postSolution
		{595069C5-8FEB-4E96-BB24-AE99A800DCA1}.Debug|Any CPU.ActiveCfg = Debug|Any CPU
		{595069C5-8FEB-4E96-BB24-AE99A800DCA1}.Debug|Any CPU.Build.0 = Debug|Any CPU
		{595069C5-8FEB-4E96-BB24-AE99A800DCA1}.Release|Any CPU.ActiveCfg = Release|Any CPU
		{595069C5-8FEB-4E96-BB24-AE99A800DCA1}.Release|Any CPU.Build.0 = Release|Any CPU
		{4151E327-54E8-480A-A1A3-FAC5044FF26D}.Debug|Any CPU.ActiveCfg = Debug|Any CPU
		{4151E327-54E8-480A-A1A3-FAC5044FF26D}.Debug|Any CPU.Build.0 = Debug|Any CPU
		{4151E327-54E8-480A-A1A3-FAC5044FF26D}.Release|Any CPU.ActiveCfg = Release|Any CPU
		{4151E327-54E8-480A-A1A3-FAC5044FF26D}.Release|Any CPU.Build.0 = Release|Any CPU
	EndGlobalSection
	GlobalSection(SolutionProperties) = preSolution
		HideSolutionNode = FALSE
	EndGlobalSection
EndGlobal
